lockfileVersion: '9.0'

settings:
  autoInstallPeers: true
  excludeLinksFromLockfile: false

importers:

  .:
    dependencies:
      '@hono/node-server':
        specifier: ^1.14.1
        version: 1.14.1(hono@3.12.12)
      '@hono/swagger-ui':
        specifier: ^0.5.1
        version: 0.5.1(hono@3.12.12)
      '@hono/zod-openapi':
        specifier: ^0.19.6
        version: 0.19.6(hono@3.12.12)(zod@3.24.4)
      '@supabase/supabase-js':
        specifier: ^2.49.4
        version: 2.49.4
      dotenv:
        specifier: ^16.3.1
        version: 16.5.0
      hono:
        specifier: ^3.9.0
        version: 3.12.12
      hono-openapi:
        specifier: ^0.4.8
        version: 0.4.8(@hono/arktype-validator@2.0.1(arktype@2.0.0-rc.25)(hono@3.12.12))(@hono/effect-validator@1.2.0(effect@3.14.22)(hono@3.12.12))(@hono/typebox-validator@0.2.6(@sinclair/typebox@0.34.33)(hono@3.12.12))(@hono/valibot-validator@0.5.2(hono@3.12.12)(valibot@1.1.0(typescript@5.8.3)))(@hono/zod-validator@0.4.3(hono@3.12.12)(zod@3.24.4))(@sinclair/typebox@0.34.33)(@valibot/to-json-schema@1.1.0(valibot@1.1.0(typescript@5.8.3)))(arktype@2.0.0-rc.25)(effect@3.14.22)(hono@3.12.12)(openapi-types@12.1.3)(valibot@1.1.0(typescript@5.8.3))(zod-openapi@4.2.4(zod@3.24.4))(zod@3.24.4)
      zod:
        specifier: ^3.24.4
        version: 3.24.4
    devDependencies:
      '@types/node':
        specifier: ^22.15.17
        version: 22.15.17
      tsx:
        specifier: ^4.7.0
        version: 4.19.4
      typescript:
        specifier: ^5.3.0
        version: 5.8.3

packages:

  '@apidevtools/json-schema-ref-parser@11.9.3':
    resolution: {integrity: sha512-60vepv88RwcJtSHrD6MjIL6Ta3SOYbgfnkHb+ppAVK+o9mXprRtulx7VlRl3lN3bbvysAfCS7WMVfhUYemB0IQ==}
    engines: {node: '>= 16'}

  '@ark/schema@0.25.0':
    resolution: {integrity: sha512-1Air2M9Je8C/4+YNhJ1QPkoFbERX3PhulDVNW1RmpOpyUjUSM5lcuuyq357jp3a7+M3a5RV2PNdI1XZ/ah8l8Q==}

  '@ark/util@0.25.0':
    resolution: {integrity: sha512-yo2Me+tYnmr6E0E3maZzu643/rL07oR25yBHkH24gllssqYcd6EPCvZE23GEKgbk0iac9J73GlJ9pkgZj43Q2g==}

  '@asteasolutions/zod-to-openapi@7.3.0':
    resolution: {integrity: sha512-7tE/r1gXwMIvGnXVUdIqUhCU1RevEFC4Jk6Bussa0fk1ecbnnINkZzj1EOAJyE/M3AI25DnHT/zKQL1/FPFi8Q==}
    peerDependencies:
      zod: ^3.20.2

  '@esbuild/aix-ppc64@0.25.4':
    resolution: {integrity: sha512-1VCICWypeQKhVbE9oW/sJaAmjLxhVqacdkvPLEjwlttjfwENRSClS8EjBz0KzRyFSCPDIkuXW34Je/vk7zdB7Q==}
    engines: {node: '>=18'}
    cpu: [ppc64]
    os: [aix]

  '@esbuild/android-arm64@0.25.4':
    resolution: {integrity: sha512-bBy69pgfhMGtCnwpC/x5QhfxAz/cBgQ9enbtwjf6V9lnPI/hMyT9iWpR1arm0l3kttTr4L0KSLpKmLp/ilKS9A==}
    engines: {node: '>=18'}
    cpu: [arm64]
    os: [android]

  '@esbuild/android-arm@0.25.4':
    resolution: {integrity: sha512-QNdQEps7DfFwE3hXiU4BZeOV68HHzYwGd0Nthhd3uCkkEKK7/R6MTgM0P7H7FAs5pU/DIWsviMmEGxEoxIZ+ZQ==}
    engines: {node: '>=18'}
    cpu: [arm]
    os: [android]

  '@esbuild/android-x64@0.25.4':
    resolution: {integrity: sha512-TVhdVtQIFuVpIIR282btcGC2oGQoSfZfmBdTip2anCaVYcqWlZXGcdcKIUklfX2wj0JklNYgz39OBqh2cqXvcQ==}
    engines: {node: '>=18'}
    cpu: [x64]
    os: [android]

  '@esbuild/darwin-arm64@0.25.4':
    resolution: {integrity: sha512-Y1giCfM4nlHDWEfSckMzeWNdQS31BQGs9/rouw6Ub91tkK79aIMTH3q9xHvzH8d0wDru5Ci0kWB8b3up/nl16g==}
    engines: {node: '>=18'}
    cpu: [arm64]
    os: [darwin]

  '@esbuild/darwin-x64@0.25.4':
    resolution: {integrity: sha512-CJsry8ZGM5VFVeyUYB3cdKpd/H69PYez4eJh1W/t38vzutdjEjtP7hB6eLKBoOdxcAlCtEYHzQ/PJ/oU9I4u0A==}
    engines: {node: '>=18'}
    cpu: [x64]
    os: [darwin]

  '@esbuild/freebsd-arm64@0.25.4':
    resolution: {integrity: sha512-yYq+39NlTRzU2XmoPW4l5Ifpl9fqSk0nAJYM/V/WUGPEFfek1epLHJIkTQM6bBs1swApjO5nWgvr843g6TjxuQ==}
    engines: {node: '>=18'}
    cpu: [arm64]
    os: [freebsd]

  '@esbuild/freebsd-x64@0.25.4':
    resolution: {integrity: sha512-0FgvOJ6UUMflsHSPLzdfDnnBBVoCDtBTVyn/MrWloUNvq/5SFmh13l3dvgRPkDihRxb77Y17MbqbCAa2strMQQ==}
    engines: {node: '>=18'}
    cpu: [x64]
    os: [freebsd]

  '@esbuild/linux-arm64@0.25.4':
    resolution: {integrity: sha512-+89UsQTfXdmjIvZS6nUnOOLoXnkUTB9hR5QAeLrQdzOSWZvNSAXAtcRDHWtqAUtAmv7ZM1WPOOeSxDzzzMogiQ==}
    engines: {node: '>=18'}
    cpu: [arm64]
    os: [linux]

  '@esbuild/linux-arm@0.25.4':
    resolution: {integrity: sha512-kro4c0P85GMfFYqW4TWOpvmF8rFShbWGnrLqlzp4X1TNWjRY3JMYUfDCtOxPKOIY8B0WC8HN51hGP4I4hz4AaQ==}
    engines: {node: '>=18'}
    cpu: [arm]
    os: [linux]

  '@esbuild/linux-ia32@0.25.4':
    resolution: {integrity: sha512-yTEjoapy8UP3rv8dB0ip3AfMpRbyhSN3+hY8mo/i4QXFeDxmiYbEKp3ZRjBKcOP862Ua4b1PDfwlvbuwY7hIGQ==}
    engines: {node: '>=18'}
    cpu: [ia32]
    os: [linux]

  '@esbuild/linux-loong64@0.25.4':
    resolution: {integrity: sha512-NeqqYkrcGzFwi6CGRGNMOjWGGSYOpqwCjS9fvaUlX5s3zwOtn1qwg1s2iE2svBe4Q/YOG1q6875lcAoQK/F4VA==}
    engines: {node: '>=18'}
    cpu: [loong64]
    os: [linux]

  '@esbuild/linux-mips64el@0.25.4':
    resolution: {integrity: sha512-IcvTlF9dtLrfL/M8WgNI/qJYBENP3ekgsHbYUIzEzq5XJzzVEV/fXY9WFPfEEXmu3ck2qJP8LG/p3Q8f7Zc2Xg==}
    engines: {node: '>=18'}
    cpu: [mips64el]
    os: [linux]

  '@esbuild/linux-ppc64@0.25.4':
    resolution: {integrity: sha512-HOy0aLTJTVtoTeGZh4HSXaO6M95qu4k5lJcH4gxv56iaycfz1S8GO/5Jh6X4Y1YiI0h7cRyLi+HixMR+88swag==}
    engines: {node: '>=18'}
    cpu: [ppc64]
    os: [linux]

  '@esbuild/linux-riscv64@0.25.4':
    resolution: {integrity: sha512-i8JUDAufpz9jOzo4yIShCTcXzS07vEgWzyX3NH2G7LEFVgrLEhjwL3ajFE4fZI3I4ZgiM7JH3GQ7ReObROvSUA==}
    engines: {node: '>=18'}
    cpu: [riscv64]
    os: [linux]

  '@esbuild/linux-s390x@0.25.4':
    resolution: {integrity: sha512-jFnu+6UbLlzIjPQpWCNh5QtrcNfMLjgIavnwPQAfoGx4q17ocOU9MsQ2QVvFxwQoWpZT8DvTLooTvmOQXkO51g==}
    engines: {node: '>=18'}
    cpu: [s390x]
    os: [linux]

  '@esbuild/linux-x64@0.25.4':
    resolution: {integrity: sha512-6e0cvXwzOnVWJHq+mskP8DNSrKBr1bULBvnFLpc1KY+d+irZSgZ02TGse5FsafKS5jg2e4pbvK6TPXaF/A6+CA==}
    engines: {node: '>=18'}
    cpu: [x64]
    os: [linux]

  '@esbuild/netbsd-arm64@0.25.4':
    resolution: {integrity: sha512-vUnkBYxZW4hL/ie91hSqaSNjulOnYXE1VSLusnvHg2u3jewJBz3YzB9+oCw8DABeVqZGg94t9tyZFoHma8gWZQ==}
    engines: {node: '>=18'}
    cpu: [arm64]
    os: [netbsd]

  '@esbuild/netbsd-x64@0.25.4':
    resolution: {integrity: sha512-XAg8pIQn5CzhOB8odIcAm42QsOfa98SBeKUdo4xa8OvX8LbMZqEtgeWE9P/Wxt7MlG2QqvjGths+nq48TrUiKw==}
    engines: {node: '>=18'}
    cpu: [x64]
    os: [netbsd]

  '@esbuild/openbsd-arm64@0.25.4':
    resolution: {integrity: sha512-Ct2WcFEANlFDtp1nVAXSNBPDxyU+j7+tId//iHXU2f/lN5AmO4zLyhDcpR5Cz1r08mVxzt3Jpyt4PmXQ1O6+7A==}
    engines: {node: '>=18'}
    cpu: [arm64]
    os: [openbsd]

  '@esbuild/openbsd-x64@0.25.4':
    resolution: {integrity: sha512-xAGGhyOQ9Otm1Xu8NT1ifGLnA6M3sJxZ6ixylb+vIUVzvvd6GOALpwQrYrtlPouMqd/vSbgehz6HaVk4+7Afhw==}
    engines: {node: '>=18'}
    cpu: [x64]
    os: [openbsd]

  '@esbuild/sunos-x64@0.25.4':
    resolution: {integrity: sha512-Mw+tzy4pp6wZEK0+Lwr76pWLjrtjmJyUB23tHKqEDP74R3q95luY/bXqXZeYl4NYlvwOqoRKlInQialgCKy67Q==}
    engines: {node: '>=18'}
    cpu: [x64]
    os: [sunos]

  '@esbuild/win32-arm64@0.25.4':
    resolution: {integrity: sha512-AVUP428VQTSddguz9dO9ngb+E5aScyg7nOeJDrF1HPYu555gmza3bDGMPhmVXL8svDSoqPCsCPjb265yG/kLKQ==}
    engines: {node: '>=18'}
    cpu: [arm64]
    os: [win32]

  '@esbuild/win32-ia32@0.25.4':
    resolution: {integrity: sha512-i1sW+1i+oWvQzSgfRcxxG2k4I9n3O9NRqy8U+uugaT2Dy7kLO9Y7wI72haOahxceMX8hZAzgGou1FhndRldxRg==}
    engines: {node: '>=18'}
    cpu: [ia32]
    os: [win32]

  '@esbuild/win32-x64@0.25.4':
    resolution: {integrity: sha512-nOT2vZNw6hJ+z43oP1SPea/G/6AbN6X+bGNhNuq8NtRHy4wsMhw765IKLNmnjek7GvjWBYQ8Q5VBoYTFg9y1UQ==}
    engines: {node: '>=18'}
    cpu: [x64]
    os: [win32]

  '@hono/arktype-validator@2.0.1':
    resolution: {integrity: sha512-Z4PQFtzgbGneBap+TTViRIBAoUWbwEwg8PaKNqALAP6z9N2ksJI81PfcsSQNUzwtrn8LipkMvBb8/D9Pei2GJw==}
    peerDependencies:
      arktype: ^2.0.0-dev.14
      hono: '*'

  '@hono/effect-validator@1.2.0':
    resolution: {integrity: sha512-PJTTVsF3bN/ld7w3g3rcWRzhbgn2wG4CcAtZpgGAz90DF3TLD5ByVkkRI3SK0HnbtPQKT2Ndng+bJvLwV1lZZQ==}
    peerDependencies:
      effect: '>=3.10.0'
      hono: '>=4.4.13'

  '@hono/node-server@1.14.1':
    resolution: {integrity: sha512-vmbuM+HPinjWzPe7FFPWMMQMsbKE9gDPhaH0FFdqbGpkT5lp++tcWDTxwBl5EgS5y6JVgIaCdjeHRfQ4XRBRjQ==}
    engines: {node: '>=18.14.1'}
    peerDependencies:
      hono: ^4

  '@hono/swagger-ui@0.5.1':
    resolution: {integrity: sha512-XpUCfszLJ9b1rtFdzqOSHfdg9pfBiC2J5piEjuSanYpDDTIwpMz0ciiv5N3WWUaQpz9fEgH8lttQqL41vIFuDA==}
    peerDependencies:
      hono: '*'

  '@hono/typebox-validator@0.2.6':
    resolution: {integrity: sha512-x+Q7RWiw6rJmJs7MDgtvRbS7ViXXEzqimC0duY4or7y1f89f5Z3KCQSdUSVka+Uv0HZ/O0ZNt+ixNDxfJLi4hA==}
    peerDependencies:
      '@sinclair/typebox': '>=0.31.15 <1'
      hono: '>=3.9.0'

  '@hono/valibot-validator@0.5.2':
    resolution: {integrity: sha512-WbTr8PCFNAME0ale62rmmq+E8bGp5a7VPiVNmNT+Ue12GJE3Ax+CWBGtHhR0TzAEiloPvJND3IbjHIgtNtsqhw==}
    peerDependencies:
      hono: '>=3.9.0'
      valibot: ^1.0.0 || ^1.0.0-beta.4 || ^1.0.0-rc

  '@hono/zod-openapi@0.19.6':
    resolution: {integrity: sha512-qD2I0i5Ksry8gf47rXR6tuUAfv5S/wRZPRUNn+y8vOkgArDtIs30Ha3KGHeuGhcMk773D197IlPUppSCbHt6iQ==}
    engines: {node: '>=16.0.0'}
    peerDependencies:
      hono: '>=4.3.6'
      zod: 3.*

  '@hono/zod-validator@0.4.3':
    resolution: {integrity: sha512-xIgMYXDyJ4Hj6ekm9T9Y27s080Nl9NXHcJkOvkXPhubOLj8hZkOL8pDnnXfvCf5xEE8Q4oMFenQUZZREUY2gqQ==}
    peerDependencies:
      hono: '>=3.9.0'
      zod: ^3.19.1

  '@hono/zod-validator@0.5.0':
    resolution: {integrity: sha512-ds5bW6DCgAnNHP33E3ieSbaZFd5dkV52ZjyaXtGoR06APFrCtzAsKZxTHwOrJNBdXsi0e5wNwo5L4nVEVnJUdg==}
    peerDependencies:
      hono: '>=3.9.0'
      zod: ^3.19.1

  '@jsdevtools/ono@7.1.3':
    resolution: {integrity: sha512-4JQNk+3mVzK3xh2rqd6RB4J46qUR19azEHBneZyTZM+c456qOrbbM/5xcR8huNCCcbVt7+UmizG6GuUvPvKUYg==}

  '@sinclair/typebox@0.34.33':
    resolution: {integrity: sha512-5HAV9exOMcXRUxo+9iYB5n09XxzCXnfy4VTNW4xnDv+FgjzAGY989C28BIdljKqmF+ZltUwujE3aossvcVtq6g==}

  '@standard-schema/spec@1.0.0':
    resolution: {integrity: sha512-m2bOd0f2RT9k8QJx1JN85cZYyH1RqFBdlwtkSlf4tBDYLCiiZnv1fIIwacK6cqwXavOydf0NPToMQgpKq+dVlA==}

  '@supabase/auth-js@2.69.1':
    resolution: {integrity: sha512-FILtt5WjCNzmReeRLq5wRs3iShwmnWgBvxHfqapC/VoljJl+W8hDAyFmf1NVw3zH+ZjZ05AKxiKxVeb0HNWRMQ==}

  '@supabase/functions-js@2.4.4':
    resolution: {integrity: sha512-WL2p6r4AXNGwop7iwvul2BvOtuJ1YQy8EbOd0dhG1oN1q8el/BIRSFCFnWAMM/vJJlHWLi4ad22sKbKr9mvjoA==}

  '@supabase/node-fetch@2.6.15':
    resolution: {integrity: sha512-1ibVeYUacxWYi9i0cf5efil6adJ9WRyZBLivgjs+AUpewx1F3xPi7gLgaASI2SmIQxPoCEjAsLAzKPgMJVgOUQ==}
    engines: {node: 4.x || >=6.0.0}

  '@supabase/postgrest-js@1.19.4':
    resolution: {integrity: sha512-O4soKqKtZIW3olqmbXXbKugUtByD2jPa8kL2m2c1oozAO11uCcGrRhkZL0kVxjBLrXHE0mdSkFsMj7jDSfyNpw==}

  '@supabase/realtime-js@2.11.2':
    resolution: {integrity: sha512-u/XeuL2Y0QEhXSoIPZZwR6wMXgB+RQbJzG9VErA3VghVt7uRfSVsjeqd7m5GhX3JR6dM/WRmLbVR8URpDWG4+w==}

  '@supabase/storage-js@2.7.1':
    resolution: {integrity: sha512-asYHcyDR1fKqrMpytAS1zjyEfvxuOIp1CIXX7ji4lHHcJKqyk+sLl/Vxgm4sN6u8zvuUtae9e4kDxQP2qrwWBA==}

  '@supabase/supabase-js@2.49.4':
    resolution: {integrity: sha512-jUF0uRUmS8BKt37t01qaZ88H9yV1mbGYnqLeuFWLcdV+x1P4fl0yP9DGtaEhFPZcwSom7u16GkLEH9QJZOqOkw==}

  '@types/json-schema@7.0.15':
    resolution: {integrity: sha512-5+fP8P8MFNC+AyZCDxrB2pkZFPGzqQWUzpSeuuVLvm8VMcorNYavBqoFcxK8bQz4Qsbn4oUEEem4wDLfcysGHA==}

  '@types/node@22.15.17':
    resolution: {integrity: sha512-wIX2aSZL5FE+MR0JlvF87BNVrtFWf6AE6rxSE9X7OwnVvoyCQjpzSRJ+M87se/4QCkCiebQAqrJ0y6fwIyi7nw==}

  '@types/phoenix@1.6.6':
    resolution: {integrity: sha512-PIzZZlEppgrpoT2QgbnDU+MMzuR6BbCjllj0bM70lWoejMeNJAxCchxnv7J3XFkI8MpygtRpzXrIlmWUBclP5A==}

  '@types/ws@8.18.1':
    resolution: {integrity: sha512-ThVF6DCVhA8kUGy+aazFQ4kXQ7E1Ty7A3ypFOe0IcJV8O/M511G99AW24irKrW56Wt44yG9+ij8FaqoBGkuBXg==}

  '@valibot/to-json-schema@1.1.0':
    resolution: {integrity: sha512-vpF5NKL5MmqbVVFzp3Z6CuoaYXJB75QxmW+tJNnng9UVUx9Yx+FVCyEm1kIWr05EzkuPI0b/EbVWIs25UL9mNQ==}
    peerDependencies:
      valibot: ^1.1.0

  argparse@2.0.1:
    resolution: {integrity: sha512-8+9WqebbFzpX9OR+Wa6O29asIogeRMzcGtAINdpMHHyAg10f05aSFVBbcEqGf/PXw1EjAZ+q2/bEBg3DvurK3Q==}

  arktype@2.0.0-rc.25:
    resolution: {integrity: sha512-ck1kRLda55Pv6L3vIIjRb6A22LqUcjitxPGS3OscOKwFcxNReaj+ItJJiysebBbbUy+ESouXTJ+vvck33spGDQ==}

  clone@2.1.2:
    resolution: {integrity: sha512-3Pe/CF1Nn94hyhIYpjtiLhdCoEoz0DqQ+988E9gmeEdQZlojxnOb74wctFyuwWQHzqyf9X7C7MG8juUpqBJT8w==}
    engines: {node: '>=0.8'}

  dotenv@16.5.0:
    resolution: {integrity: sha512-m/C+AwOAr9/W1UOIZUo232ejMNnJAJtYQjUbHoNTBNTJSvqzzDh7vnrei3o3r3m9blf6ZoDkvcw0VmozNRFJxg==}
    engines: {node: '>=12'}

  effect@3.14.22:
    resolution: {integrity: sha512-dEAC2+WFzOM19N3/3MrZ545pPb3Bla/AjHLHHCEe4Yq5fSo+GcC30lPN0sopeZo7J0fhW7Qq2Xp0hoQoxDDEDg==}

  esbuild@0.25.4:
    resolution: {integrity: sha512-8pgjLUcUjcgDg+2Q4NYXnPbo/vncAY4UmyaCm0jZevERqCHZIaWwdJHkf8XQtu4AxSKCdvrUbT0XUr1IdZzI8Q==}
    engines: {node: '>=18'}
    hasBin: true

  fast-check@3.23.2:
    resolution: {integrity: sha512-h5+1OzzfCC3Ef7VbtKdcv7zsstUQwUDlYpUTvjeUsJAssPgLn7QzbboPtL5ro04Mq0rPOsMzl7q5hIbRs2wD1A==}
    engines: {node: '>=8.0.0'}

  fsevents@2.3.3:
    resolution: {integrity: sha512-5xoDfX+fL7faATnagmWPpbFtwh/R77WmMMqqHGS65C3vvB0YHrgF+B1YmZ3441tMj5n63k0212XNoJwzlhffQw==}
    engines: {node: ^8.16.0 || ^10.6.0 || >=11.0.0}
    os: [darwin]

  get-tsconfig@4.10.0:
    resolution: {integrity: sha512-kGzZ3LWWQcGIAmg6iWvXn0ei6WDtV26wzHRMwDSzmAbcXrTEXxHy6IehI6/4eT6VRKyMP1eF1VqwrVUmE/LR7A==}

  hono-openapi@0.4.8:
    resolution: {integrity: sha512-LYr5xdtD49M7hEAduV1PftOMzuT8ZNvkyWfh1DThkLsIr4RkvDb12UxgIiFbwrJB6FLtFXLoOZL9x4IeDk2+VA==}
    peerDependencies:
      '@hono/arktype-validator': ^2.0.0
      '@hono/effect-validator': ^1.2.0
      '@hono/typebox-validator': ^0.2.0 || ^0.3.0
      '@hono/valibot-validator': ^0.5.1
      '@hono/zod-validator': ^0.4.1
      '@sinclair/typebox': ^0.34.9
      '@valibot/to-json-schema': ^1.0.0-beta.3
      arktype: ^2.0.0
      effect: ^3.11.3
      hono: ^4.6.13
      openapi-types: ^12.1.3
      valibot: ^1.0.0-beta.9
      zod: ^3.23.8
      zod-openapi: ^4.0.0
    peerDependenciesMeta:
      '@hono/arktype-validator':
        optional: true
      '@hono/effect-validator':
        optional: true
      '@hono/typebox-validator':
        optional: true
      '@hono/valibot-validator':
        optional: true
      '@hono/zod-validator':
        optional: true
      '@sinclair/typebox':
        optional: true
      '@valibot/to-json-schema':
        optional: true
      arktype:
        optional: true
      effect:
        optional: true
      hono:
        optional: true
      valibot:
        optional: true
      zod:
        optional: true
      zod-openapi:
        optional: true

  hono@3.12.12:
    resolution: {integrity: sha512-5IAMJOXfpA5nT+K0MNjClchzz0IhBHs2Szl7WFAhrFOsbtQsYmNynFyJRg/a3IPsmCfxcrf8txUGiNShXpK5Rg==}
    engines: {node: '>=16.0.0'}

  js-yaml@4.1.0:
    resolution: {integrity: sha512-wpxZs9NoxZaJESJGIZTyDEaYpl0FKSA+FB9aJiyemKhMwkxQg63h4T1KJgUGHpTqPDNRcmmYLugrRjJlBtWvRA==}
    hasBin: true

  json-schema-walker@2.0.0:
    resolution: {integrity: sha512-nXN2cMky0Iw7Af28w061hmxaPDaML5/bQD9nwm1lOoIKEGjHcRGxqWe4MfrkYThYAPjSUhmsp4bJNoLAyVn9Xw==}
    engines: {node: '>=10'}

  openapi-types@12.1.3:
    resolution: {integrity: sha512-N4YtSYJqghVu4iek2ZUvcN/0aqH1kRDuNqzcycDxhOUpg7GdvLa2F3DgS6yBNhInhv2r/6I0Flkn7CqL8+nIcw==}

  openapi3-ts@4.4.0:
    resolution: {integrity: sha512-9asTNB9IkKEzWMcHmVZE7Ts3kC9G7AFHfs8i7caD8HbI76gEjdkId4z/AkP83xdZsH7PLAnnbl47qZkXuxpArw==}

  pure-rand@6.1.0:
    resolution: {integrity: sha512-bVWawvoZoBYpp6yIoQtQXHZjmz35RSVHnUOTefl8Vcjr8snTPY1wnpSPMWekcFwbxI6gtmT7rSYPFvz71ldiOA==}

  resolve-pkg-maps@1.0.0:
    resolution: {integrity: sha512-seS2Tj26TBVOC2NIc2rOe2y2ZO7efxITtLZcGSOnHHNOQ7CkiUBfw0Iw2ck6xkIhPwLhKNLS8BO+hEpngQlqzw==}

  tr46@0.0.3:
    resolution: {integrity: sha512-N3WMsuqV66lT30CrXNbEjx4GEwlow3v6rr4mCcv6prnfwhS01rkgyFdjPNBYd9br7LpXV1+Emh01fHnq2Gdgrw==}

  tsx@4.19.4:
    resolution: {integrity: sha512-gK5GVzDkJK1SI1zwHf32Mqxf2tSJkNx+eYcNly5+nHvWqXUJYUkWBQtKauoESz3ymezAI++ZwT855x5p5eop+Q==}
    engines: {node: '>=18.0.0'}
    hasBin: true

  typescript@5.8.3:
    resolution: {integrity: sha512-p1diW6TqL9L07nNxvRMM7hMMw4c5XOo/1ibL4aAIGmSAt9slTE1Xgw5KWuof2uTOvCg9BY7ZRi+GaF+7sfgPeQ==}
    engines: {node: '>=14.17'}
    hasBin: true

  undici-types@6.21.0:
    resolution: {integrity: sha512-iwDZqg0QAGrg9Rav5H4n0M64c3mkR59cJ6wQp+7C4nI0gsmExaedaYLNO44eT4AtBBwjbTiGPMlt2Md0T9H9JQ==}

  valibot@1.1.0:
    resolution: {integrity: sha512-Nk8lX30Qhu+9txPYTwM0cFlWLdPFsFr6LblzqIySfbZph9+BFsAHsNvHOymEviUepeIW6KFHzpX8TKhbptBXXw==}
    peerDependencies:
      typescript: '>=5'
    peerDependenciesMeta:
      typescript:
        optional: true

  webidl-conversions@3.0.1:
    resolution: {integrity: sha512-2JAn3z8AR6rjK8Sm8orRC0h/bcl/DqL7tRPdGZ4I1CjdF+EaMLmYxBHyXuKL849eucPFhvBoxMsflfOb8kxaeQ==}

  whatwg-url@5.0.0:
    resolution: {integrity: sha512-saE57nupxk6v3HY35+jzBwYa0rKSy0XR8JSxZPwgLr7ys0IBzhGviA1/TUGJLmSVqs8pb9AnvICXEuOHLprYTw==}

  ws@8.18.2:
    resolution: {integrity: sha512-DMricUmwGZUVr++AEAe2uiVM7UoO9MAVZMDu05UQOaUII0lp+zOzLLU4Xqh/JvTqklB1T4uELaaPBKyjE1r4fQ==}
    engines: {node: '>=10.0.0'}
    peerDependencies:
      bufferutil: ^4.0.1
      utf-8-validate: '>=5.0.2'
    peerDependenciesMeta:
      bufferutil:
        optional: true
      utf-8-validate:
        optional: true

  yaml@2.7.1:
    resolution: {integrity: sha512-10ULxpnOCQXxJvBgxsn9ptjq6uviG/htZKk9veJGhlqn3w/DxQ631zFF+nlQXLwmImeS5amR2dl2U8sg6U9jsQ==}
    engines: {node: '>= 14'}
    hasBin: true

  zod-openapi@4.2.4:
    resolution: {integrity: sha512-tsrQpbpqFCXqVXUzi3TPwFhuMtLN3oNZobOtYnK6/5VkXsNdnIgyNr4r8no4wmYluaxzN3F7iS+8xCW8BmMQ8g==}
    engines: {node: '>=18'}
    peerDependencies:
      zod: ^3.21.4

  zod@3.24.4:
    resolution: {integrity: sha512-OdqJE9UDRPwWsrHjLN2F8bPxvwJBK22EHLWtanu0LSYr5YqzsaaW3RMgmjwr8Rypg5k+meEJdSPXJZXE/yqOMg==}

snapshots:

  '@apidevtools/json-schema-ref-parser@11.9.3':
    dependencies:
      '@jsdevtools/ono': 7.1.3
      '@types/json-schema': 7.0.15
      js-yaml: 4.1.0

  '@ark/schema@0.25.0':
    dependencies:
      '@ark/util': 0.25.0
    optional: true

  '@ark/util@0.25.0':
    optional: true

  '@asteasolutions/zod-to-openapi@7.3.0(zod@3.24.4)':
    dependencies:
      openapi3-ts: 4.4.0
      zod: 3.24.4

  '@esbuild/aix-ppc64@0.25.4':
    optional: true

  '@esbuild/android-arm64@0.25.4':
    optional: true

  '@esbuild/android-arm@0.25.4':
    optional: true

  '@esbuild/android-x64@0.25.4':
    optional: true

  '@esbuild/darwin-arm64@0.25.4':
    optional: true

  '@esbuild/darwin-x64@0.25.4':
    optional: true

  '@esbuild/freebsd-arm64@0.25.4':
    optional: true

  '@esbuild/freebsd-x64@0.25.4':
    optional: true

  '@esbuild/linux-arm64@0.25.4':
    optional: true

  '@esbuild/linux-arm@0.25.4':
    optional: true

  '@esbuild/linux-ia32@0.25.4':
    optional: true

  '@esbuild/linux-loong64@0.25.4':
    optional: true

  '@esbuild/linux-mips64el@0.25.4':
    optional: true

  '@esbuild/linux-ppc64@0.25.4':
    optional: true

  '@esbuild/linux-riscv64@0.25.4':
    optional: true

  '@esbuild/linux-s390x@0.25.4':
    optional: true

  '@esbuild/linux-x64@0.25.4':
    optional: true

  '@esbuild/netbsd-arm64@0.25.4':
    optional: true

  '@esbuild/netbsd-x64@0.25.4':
    optional: true

  '@esbuild/openbsd-arm64@0.25.4':
    optional: true

  '@esbuild/openbsd-x64@0.25.4':
    optional: true

  '@esbuild/sunos-x64@0.25.4':
    optional: true

  '@esbuild/win32-arm64@0.25.4':
    optional: true

  '@esbuild/win32-ia32@0.25.4':
    optional: true

  '@esbuild/win32-x64@0.25.4':
    optional: true

  '@hono/arktype-validator@2.0.1(arktype@2.0.0-rc.25)(hono@3.12.12)':
    dependencies:
      arktype: 2.0.0-rc.25
      hono: 3.12.12
    optional: true

  '@hono/effect-validator@1.2.0(effect@3.14.22)(hono@3.12.12)':
    dependencies:
      effect: 3.14.22
      hono: 3.12.12
    optional: true

  '@hono/node-server@1.14.1(hono@3.12.12)':
    dependencies:
      hono: 3.12.12

  '@hono/swagger-ui@0.5.1(hono@3.12.12)':
    dependencies:
      hono: 3.12.12

  '@hono/typebox-validator@0.2.6(@sinclair/typebox@0.34.33)(hono@3.12.12)':
    dependencies:
      '@sinclair/typebox': 0.34.33
      hono: 3.12.12
    optional: true

  '@hono/valibot-validator@0.5.2(hono@3.12.12)(valibot@1.1.0(typescript@5.8.3))':
    dependencies:
      hono: 3.12.12
      valibot: 1.1.0(typescript@5.8.3)
    optional: true

  '@hono/zod-openapi@0.19.6(hono@3.12.12)(zod@3.24.4)':
    dependencies:
      '@asteasolutions/zod-to-openapi': 7.3.0(zod@3.24.4)
      '@hono/zod-validator': 0.5.0(hono@3.12.12)(zod@3.24.4)
      hono: 3.12.12
      zod: 3.24.4

  '@hono/zod-validator@0.4.3(hono@3.12.12)(zod@3.24.4)':
    dependencies:
      hono: 3.12.12
      zod: 3.24.4
    optional: true

  '@hono/zod-validator@0.5.0(hono@3.12.12)(zod@3.24.4)':
    dependencies:
      hono: 3.12.12
      zod: 3.24.4

  '@jsdevtools/ono@7.1.3': {}

  '@sinclair/typebox@0.34.33':
    optional: true

  '@standard-schema/spec@1.0.0':
    optional: true

  '@supabase/auth-js@2.69.1':
    dependencies:
      '@supabase/node-fetch': 2.6.15

  '@supabase/functions-js@2.4.4':
    dependencies:
      '@supabase/node-fetch': 2.6.15

  '@supabase/node-fetch@2.6.15':
    dependencies:
      whatwg-url: 5.0.0

  '@supabase/postgrest-js@1.19.4':
    dependencies:
      '@supabase/node-fetch': 2.6.15

  '@supabase/realtime-js@2.11.2':
    dependencies:
      '@supabase/node-fetch': 2.6.15
      '@types/phoenix': 1.6.6
      '@types/ws': 8.18.1
      ws: 8.18.2
    transitivePeerDependencies:
      - bufferutil
      - utf-8-validate

  '@supabase/storage-js@2.7.1':
    dependencies:
      '@supabase/node-fetch': 2.6.15

  '@supabase/supabase-js@2.49.4':
    dependencies:
      '@supabase/auth-js': 2.69.1
      '@supabase/functions-js': 2.4.4
      '@supabase/node-fetch': 2.6.15
      '@supabase/postgrest-js': 1.19.4
      '@supabase/realtime-js': 2.11.2
      '@supabase/storage-js': 2.7.1
    transitivePeerDependencies:
      - bufferutil
      - utf-8-validate

  '@types/json-schema@7.0.15': {}

  '@types/node@22.15.17':
    dependencies:
      undici-types: 6.21.0

  '@types/phoenix@1.6.6': {}

  '@types/ws@8.18.1':
    dependencies:
      '@types/node': 22.15.17

  '@valibot/to-json-schema@1.1.0(valibot@1.1.0(typescript@5.8.3))':
    dependencies:
      valibot: 1.1.0(typescript@5.8.3)
    optional: true

  argparse@2.0.1: {}

  arktype@2.0.0-rc.25:
    dependencies:
      '@ark/schema': 0.25.0
      '@ark/util': 0.25.0
    optional: true

  clone@2.1.2: {}

  dotenv@16.5.0: {}

  effect@3.14.22:
    dependencies:
      '@standard-schema/spec': 1.0.0
      fast-check: 3.23.2
    optional: true

  esbuild@0.25.4:
    optionalDependencies:
      '@esbuild/aix-ppc64': 0.25.4
      '@esbuild/android-arm': 0.25.4
      '@esbuild/android-arm64': 0.25.4
      '@esbuild/android-x64': 0.25.4
      '@esbuild/darwin-arm64': 0.25.4
      '@esbuild/darwin-x64': 0.25.4
      '@esbuild/freebsd-arm64': 0.25.4
      '@esbuild/freebsd-x64': 0.25.4
      '@esbuild/linux-arm': 0.25.4
      '@esbuild/linux-arm64': 0.25.4
      '@esbuild/linux-ia32': 0.25.4
      '@esbuild/linux-loong64': 0.25.4
      '@esbuild/linux-mips64el': 0.25.4
      '@esbuild/linux-ppc64': 0.25.4
      '@esbuild/linux-riscv64': 0.25.4
      '@esbuild/linux-s390x': 0.25.4
      '@esbuild/linux-x64': 0.25.4
      '@esbuild/netbsd-arm64': 0.25.4
      '@esbuild/netbsd-x64': 0.25.4
      '@esbuild/openbsd-arm64': 0.25.4
      '@esbuild/openbsd-x64': 0.25.4
      '@esbuild/sunos-x64': 0.25.4
      '@esbuild/win32-arm64': 0.25.4
      '@esbuild/win32-ia32': 0.25.4
      '@esbuild/win32-x64': 0.25.4

  fast-check@3.23.2:
    dependencies:
      pure-rand: 6.1.0
    optional: true

  fsevents@2.3.3:
    optional: true

  get-tsconfig@4.10.0:
    dependencies:
      resolve-pkg-maps: 1.0.0

  hono-openapi@0.4.8(@hono/arktype-validator@2.0.1(arktype@2.0.0-rc.25)(hono@3.12.12))(@hono/effect-validator@1.2.0(effect@3.14.22)(hono@3.12.12))(@hono/typebox-validator@0.2.6(@sinclair/typebox@0.34.33)(hono@3.12.12))(@hono/valibot-validator@0.5.2(hono@3.12.12)(valibot@1.1.0(typescript@5.8.3)))(@hono/zod-validator@0.4.3(hono@3.12.12)(zod@3.24.4))(@sinclair/typebox@0.34.33)(@valibot/to-json-schema@1.1.0(valibot@1.1.0(typescript@5.8.3)))(arktype@2.0.0-rc.25)(effect@3.14.22)(hono@3.12.12)(openapi-types@12.1.3)(valibot@1.1.0(typescript@5.8.3))(zod-openapi@4.2.4(zod@3.24.4))(zod@3.24.4):
    dependencies:
      json-schema-walker: 2.0.0
      openapi-types: 12.1.3
    optionalDependencies:
      '@hono/arktype-validator': 2.0.1(arktype@2.0.0-rc.25)(hono@3.12.12)
      '@hono/effect-validator': 1.2.0(effect@3.14.22)(hono@3.12.12)
      '@hono/typebox-validator': 0.2.6(@sinclair/typebox@0.34.33)(hono@3.12.12)
      '@hono/valibot-validator': 0.5.2(hono@3.12.12)(valibot@1.1.0(typescript@5.8.3))
      '@hono/zod-validator': 0.4.3(hono@3.12.12)(zod@3.24.4)
      '@sinclair/typebox': 0.34.33
      '@valibot/to-json-schema': 1.1.0(valibot@1.1.0(typescript@5.8.3))
      arktype: 2.0.0-rc.25
      effect: 3.14.22
      hono: 3.12.12
      valibot: 1.1.0(typescript@5.8.3)
      zod: 3.24.4
      zod-openapi: 4.2.4(zod@3.24.4)

  hono@3.12.12: {}

  js-yaml@4.1.0:
    dependencies:
      argparse: 2.0.1

  json-schema-walker@2.0.0:
    dependencies:
      '@apidevtools/json-schema-ref-parser': 11.9.3
      clone: 2.1.2

  openapi-types@12.1.3: {}

  openapi3-ts@4.4.0:
    dependencies:
      yaml: 2.7.1

  pure-rand@6.1.0:
    optional: true

  resolve-pkg-maps@1.0.0: {}

  tr46@0.0.3: {}

  tsx@4.19.4:
    dependencies:
      esbuild: 0.25.4
      get-tsconfig: 4.10.0
    optionalDependencies:
      fsevents: 2.3.3

  typescript@5.8.3: {}

  undici-types@6.21.0: {}

  valibot@1.1.0(typescript@5.8.3):
    optionalDependencies:
      typescript: 5.8.3
    optional: true

  webidl-conversions@3.0.1: {}

  whatwg-url@5.0.0:
    dependencies:
      tr46: 0.0.3
      webidl-conversions: 3.0.1

  ws@8.18.2: {}

  yaml@2.7.1: {}

  zod-openapi@4.2.4(zod@3.24.4):
    dependencies:
      zod: 3.24.4
    optional: true

  zod@3.24.4: {}
